
Microsoft Visual Studio Solution File, Format Version 12.00
Project("{FAE04EC0-301F-11D3-BF4B-00C04F79EFBC}") = "trying to organize all my bullshit", "trying to organize all my bullshit\trying to organize all my bullshit.csproj", "{F3E534F7-7A85-4BC6-9B30-20B27289F339}"
EndProject
Global
	GlobalSection(SolutionConfigurationPlatforms) = preSolution
		Debug|Any CPU = Debug|Any CPU
		Release|Any CPU = Release|Any CPU
	EndGlobalSection
	GlobalSection(ProjectConfigurationPlatforms) = postSolution
		{F3E534F7-7A85-4BC6-9B30-20B27289F339}.Debug|Any CPU.ActiveCfg = Debug|Any CPU
		{F3E534F7-7A85-4BC6-9B30-20B27289F339}.Debug|Any CPU.Build.0 = Debug|Any CPU
		{F3E534F7-7A85-4BC6-9B30-20B27289F339}.Release|Any CPU.ActiveCfg = Release|Any CPU
		{F3E534F7-7A85-4BC6-9B30-20B27289F339}.Release|Any CPU.Build.0 = Release|Any CPU
	EndGlobalSection
EndGlobal
