
Microsoft Visual Studio Solution File, Format Version 12.00
Project("{FAE04EC0-301F-11D3-BF4B-00C04F79EFBC}") = "newApril2homework", "newApril2homework\newApril2homework.csproj", "{B28C88D0-3CC6-48D0-B1A1-A1369963719F}"
EndProject
Global
	GlobalSection(SolutionConfigurationPlatforms) = preSolution
		Debug|Any CPU = Debug|Any CPU
		Release|Any CPU = Release|Any CPU
	EndGlobalSection
	GlobalSection(ProjectConfigurationPlatforms) = postSolution
		{B28C88D0-3CC6-48D0-B1A1-A1369963719F}.Debug|Any CPU.ActiveCfg = Debug|Any CPU
		{B28C88D0-3CC6-48D0-B1A1-A1369963719F}.Debug|Any CPU.Build.0 = Debug|Any CPU
		{B28C88D0-3CC6-48D0-B1A1-A1369963719F}.Release|Any CPU.ActiveCfg = Release|Any CPU
		{B28C88D0-3CC6-48D0-B1A1-A1369963719F}.Release|Any CPU.Build.0 = Release|Any CPU
	EndGlobalSection
EndGlobal
