
Microsoft Visual Studio Solution File, Format Version 12.00
Project("{FAE04EC0-301F-11D3-BF4B-00C04F79EFBC}") = "reference work", "reference work\reference work.csproj", "{D61A5D44-9E09-420D-8DC5-67C05A0EFB03}"
EndProject
Global
	GlobalSection(SolutionConfigurationPlatforms) = preSolution
		Debug|Any CPU = Debug|Any CPU
		Release|Any CPU = Release|Any CPU
	EndGlobalSection
	GlobalSection(ProjectConfigurationPlatforms) = postSolution
		{D61A5D44-9E09-420D-8DC5-67C05A0EFB03}.Debug|Any CPU.ActiveCfg = Debug|Any CPU
		{D61A5D44-9E09-420D-8DC5-67C05A0EFB03}.Debug|Any CPU.Build.0 = Debug|Any CPU
		{D61A5D44-9E09-420D-8DC5-67C05A0EFB03}.Release|Any CPU.ActiveCfg = Release|Any CPU
		{D61A5D44-9E09-420D-8DC5-67C05A0EFB03}.Release|Any CPU.Build.0 = Release|Any CPU
	EndGlobalSection
EndGlobal
