
Microsoft Visual Studio Solution File, Format Version 12.00
Project("{FAE04EC0-301F-11D3-BF4B-00C04F79EFBC}") = "Final Project_Lillian and Thomas_Land of Zorp", "Final Project_Lillian and Thomas_Land of Zorp.csproj", "{F4C979B6-46AE-45CE-BB3D-CCE73214370F}"
EndProject
Global
	GlobalSection(SolutionConfigurationPlatforms) = preSolution
		Debug|Any CPU = Debug|Any CPU
		Release|Any CPU = Release|Any CPU
	EndGlobalSection
	GlobalSection(ProjectConfigurationPlatforms) = postSolution
		{F4C979B6-46AE-45CE-BB3D-CCE73214370F}.Debug|Any CPU.ActiveCfg = Debug|Any CPU
		{F4C979B6-46AE-45CE-BB3D-CCE73214370F}.Debug|Any CPU.Build.0 = Debug|Any CPU
		{F4C979B6-46AE-45CE-BB3D-CCE73214370F}.Release|Any CPU.ActiveCfg = Release|Any CPU
		{F4C979B6-46AE-45CE-BB3D-CCE73214370F}.Release|Any CPU.Build.0 = Release|Any CPU
	EndGlobalSection
EndGlobal
